
Microsoft Visual Studio Solution File, Format Version 12.00
# Visual Studio Version 17
VisualStudioVersion = 17.2.32519.379
MinimumVisualStudioVersion = 10.0.40219.1
Project("{FAE04EC0-301F-11D3-BF4B-00C04F79EFBC}") = "EquipmentRent", "EquipmentRent.csproj", "{6C2AE0E2-5F2D-4939-8B12-430EDDB2FDAB}"
EndProject
Global
	GlobalSection(SolutionConfigurationPlatforms) = preSolution
		Debug|Any CPU = Debug|Any CPU
		Release|Any CPU = Release|Any CPU
	EndGlobalSection
	GlobalSection(ProjectConfigurationPlatforms) = postSolution
		{6C2AE0E2-5F2D-4939-8B12-430EDDB2FDAB}.Debug|Any CPU.ActiveCfg = Debug|Any CPU
		{6C2AE0E2-5F2D-4939-8B12-430EDDB2FDAB}.Debug|Any CPU.Build.0 = Debug|Any CPU
		{6C2AE0E2-5F2D-4939-8B12-430EDDB2FDAB}.Release|Any CPU.ActiveCfg = Release|Any CPU
		{6C2AE0E2-5F2D-4939-8B12-430EDDB2FDAB}.Release|Any CPU.Build.0 = Release|Any CPU
	EndGlobalSection
	GlobalSection(SolutionProperties) = preSolution
		HideSolutionNode = FALSE
	EndGlobalSection
	GlobalSection(ExtensibilityGlobals) = postSolution
		SolutionGuid = {1A04FF58-9FE7-4E18-930B-FC7AF952D03F}
	EndGlobalSection
EndGlobal
